hash: 09ce0878c9a5aefb34b60dc5097ca9714feae224c46b3699c6c496999eadc96e
updated: 2018-04-10T21:56:16.247492932Z
imports:
- name: github.com/armon/go-metrics
  version: 783273d703149aaeb9897cf58613d5af48861c25
- name: github.com/facebookgo/inject
  version: cc1aa653e50f6a9893bcaef89e673e5b24e1e97b
- name: github.com/facebookgo/structtag
  version: 217e25fb96916cc60332e399c9aa63f5c422ceed
- name: github.com/go-log/log
  version: 37e2e1f19306361e1fc152a1839f1236149cb4e4
  subpackages:
  - log
- name: github.com/golang/protobuf
  version: e09c5db296004fbe3f74490e84dcd62c3c5ddb1b
  subpackages:
  - proto
- name: github.com/hashicorp/consul
  version: 464bad03cb4524866347e2a71b6779942d0cac37
  subpackages:
  - api
  - watch
- name: github.com/hashicorp/go-cleanhttp
  version: d5fe4b57a186c716b0e00b8c301cbd9b4182694d
- name: github.com/hashicorp/go-immutable-radix
  version: 7f3cd4390caab3250a57f30efdb2a65dd7649ecf
- name: github.com/hashicorp/go-rootcerts
  version: 6bb64b370b90e7ef1fa532be9e591a81c3493e00
- name: github.com/hashicorp/golang-lru
  version: 0fb14efe8c47ae851c0034ed7a448854d3d34cf3
  subpackages:
  - simplelru
- name: github.com/hashicorp/serf
  version: 3b250ce4404edb266330f53fcfc8ad0d0dacfae7
  subpackages:
  - coordinate
- name: github.com/lib/pq
  version: d34b9ff171c21ad295489235aec8b6626023cd04
  subpackages:
  - oid
- name: github.com/micro/cli
  version: 3d2263bb092286dde294a31049c92665f8373820
- name: github.com/micro/go-log
  version: cbfa9447f9b655f8e66583237e51f40ca9bff860
- name: github.com/micro/go-micro
  version: 378af01f770fea80100c52d504b5c83aabdaa5f2
  subpackages:
  - broker
  - broker/codec
  - broker/codec/json
  - broker/http
  - client
  - cmd
  - codec
  - codec/jsonrpc
  - codec/protorpc
  - errors
  - metadata
  - registry
  - registry/consul
  - registry/mdns
  - selector
  - selector/cache
  - server
  - server/debug
  - server/debug/proto
  - transport
  - transport/codec
  - transport/http
- name: github.com/micro/go-rcache
  version: c4d553f1c37857cdc6d5385e83b6946deed488e4
- name: github.com/micro/mdns
  version: cdf30746f9f70dc7a366d3d885792a092fd83102
- name: github.com/micro/protobuf
  version: ebd3be6d4fdb1ef0b460e26dd5de441fb5006d38
  subpackages:
  - proto
- name: github.com/micro/util
  version: adbf756c533e84f33c18fc870ec0b8625643f80e
  subpackages:
  - go/lib/addr
  - go/lib/net
  - go/lib/tls
- name: github.com/miekg/dns
  version: 01d59357d468872339068bcd5d55a00e2463051f
- name: github.com/mitchellh/go-homedir
  version: b8bc1bf767474819792c23f32d8286a45736f1c6
- name: github.com/mitchellh/hashstructure
  version: 2bca23e0e452137f789efbc8610126fd8b94f73b
- name: github.com/mitchellh/mapstructure
  version: 00c29f56e2386353d58c599509e8dc3801b0d716
- name: github.com/pborman/uuid
  version: c65b2f87fee37d1c7854c9164a450713c28d50cd
- name: github.com/pkg/errors
  version: 816c9085562cd7ee03e7f8188a1cfd942858cded
- name: github.com/satori/go.uuid
  version: 36e9d2ebbde5e3f13ab2e25625fd453271d6522e
- name: github.com/stretchr/testify
  version: c679ae2cc0cb27ec3293fea7e254e47386f05d69
  subpackages:
  - assert
  - require
  - suite
- name: golang.org/x/crypto
  version: f70185d77e8278766928032ee1355e3da47e7181
  subpackages:
  - ed25519
  - ed25519/internal/edwards25519
- name: golang.org/x/net
  version: 61147c48b25b599e5b561d2e9c4f3e1ef489ca41
  subpackages:
  - bpf
  - context
  - internal/iana
  - internal/socket
  - ipv4
  - ipv6
- name: google.golang.org/grpc
  version: b1807c31892b7450d5b5735be087159dbb587223
  subpackages:
  - codes
- name: gopkg.in/gorp.v2
  version: 6032c66e0f5f155fd56216ed14cbbdd991034605
testImports:
- name: github.com/davecgh/go-spew
  version: 8991bc29aa16c548c550c7ff78260e27b9ab7c73
  subpackages:
  - spew
- name: github.com/pmezard/go-difflib
  version: 792786c7400a136282c1664665ae0a8db921c6c2
  subpackages:
  - difflib
