hash: 08c0897201779081d5ba07788b5123a1b440e45b2c13c79d7cf5316d9978f81f
updated: 2018-01-07T22:35:00.854986997Z
imports:
- name: github.com/asaskevich/govalidator
  version: 852d82c746b23d9b357b210ea470d99f4e023b72
- name: github.com/eclipse/paho.mqtt.golang
  version: cd4337d9ef8b177236ef7abc7bc2677385c11381
- name: github.com/go-log/log
  version: 37e2e1f19306361e1fc152a1839f1236149cb4e4
  subpackages:
  - log
- name: github.com/go-openapi/analysis
  version: 0db1e4cf47d6eb0fc6b25135868c3483cc6b066e
- name: github.com/go-openapi/errors
  version: 7bcb96a367bac6b76e6e42fa84155bb5581dcff8
- name: github.com/go-openapi/jsonpointer
  version: 779f45308c19820f1a69e9a4cd965f496e0da10f
- name: github.com/go-openapi/jsonreference
  version: 36d33bfe519efae5632669801b180bf1a245da3b
- name: github.com/go-openapi/loads
  version: 2a2b323bab96e6b1fdee110e57d959322446e9c9
- name: github.com/go-openapi/runtime
  version: a76104f379d3c5041f2a56e69db3ad8404ce4826
  subpackages:
  - logger
  - middleware
  - middleware/denco
  - middleware/header
  - middleware/untyped
  - security
- name: github.com/go-openapi/spec
  version: fa03337d7da5735229ee8f5e9d5d0b996014b7f8
- name: github.com/go-openapi/strfmt
  version: 4dd3d302e100bae008baedc42d446ce83bdd10ad
- name: github.com/go-openapi/swag
  version: 84f4bee7c0a6db40e3166044c7983c1c32125429
- name: github.com/go-openapi/validate
  version: 0e805b142cf7a9f578a775ff7d05745534371f9d
- name: github.com/go-swagger/go-swagger
  version: 2db0ce663570b503015389ce4b53e61534d5c66c
  subpackages:
  - httpkit/middleware
  - swag
- name: github.com/golang/protobuf
  version: 1e59b77b52bf8e4b449a57e6f79f21226d571845
  subpackages:
  - proto
- name: github.com/hashicorp/consul
  version: 8837a18d25fc2555150db761f1d922a3fc2ffae3
  subpackages:
  - api
  - watch
- name: github.com/hashicorp/go-cleanhttp
  version: d5fe4b57a186c716b0e00b8c301cbd9b4182694d
- name: github.com/hashicorp/go-rootcerts
  version: 6bb64b370b90e7ef1fa532be9e591a81c3493e00
- name: github.com/hashicorp/serf
  version: 7da7fe5ea9876f0b178f6462f9ae3f4cfee054c3
  subpackages:
  - coordinate
- name: github.com/jessevdk/go-flags
  version: f88afde2fa19a30cf50ba4b05b3d13bc6bae3079
- name: github.com/mailru/easyjson
  version: 32fa128f234d041f196a9f3e0fea5ac9772c08e1
  subpackages:
  - buffer
  - jlexer
  - jwriter
- name: github.com/micro/cli
  version: 3d2263bb092286dde294a31049c92665f8373820
- name: github.com/micro/go-log
  version: cbfa9447f9b655f8e66583237e51f40ca9bff860
- name: github.com/micro/go-micro
  version: 45420d841329d8e2252f528df3048f95b8e4be94
  subpackages:
  - broker
  - broker/codec
  - broker/codec/json
  - broker/http
  - client
  - cmd
  - codec
  - codec/jsonrpc
  - codec/protorpc
  - errors
  - metadata
  - registry
  - registry/consul
  - registry/mdns
  - selector
  - selector/cache
  - server
  - server/debug
  - server/debug/proto
  - transport
  - transport/codec
  - transport/http
- name: github.com/micro/go-rcache
  version: 5d0460e1ba8a8196c7b31c2b534903130edf94e2
- name: github.com/micro/mdns
  version: cdf30746f9f70dc7a366d3d885792a092fd83102
- name: github.com/micro/misc
  version: 92560176a0866e3584c13e7ff7d4747c5bf793f7
  subpackages:
  - lib/addr
  - lib/net
  - lib/tls
- name: github.com/miekg/dns
  version: dcdbddd8102b79eeef1329473dffab4aec17ca25
- name: github.com/mitchellh/go-homedir
  version: b8bc1bf767474819792c23f32d8286a45736f1c6
- name: github.com/mitchellh/hashstructure
  version: 2bca23e0e452137f789efbc8610126fd8b94f73b
- name: github.com/mitchellh/mapstructure
  version: 06020f85339e21b2478f756a78e295255ffa4d6a
- name: github.com/pborman/uuid
  version: e533369306653d193b93dae055f6083cbf8ba54f
- name: github.com/pkg/errors
  version: e881fd58d78e04cf6d0de1217f8707c8cc2249bc
- name: github.com/PuerkitoBio/purell
  version: 1c4bec281e4bbc75b4f4a1bd923bdf1bd989a969
- name: github.com/PuerkitoBio/urlesc
  version: de5bf2ad457846296e2031421a34e2568e304e35
- name: github.com/stretchr/testify
  version: 87b1dfb5b2fa649f52695dd9eae19abe404a4308
- name: github.com/tylerb/graceful
  version: d72b0151351a13d0421b763b88f791469c4f5dc7
- name: golang.org/x/crypto
  version: 0fcca4842a8d74bfddc2c96a073bd2a4d2a7a2e8
  subpackages:
  - ed25519
  - ed25519/internal/edwards25519
- name: golang.org/x/net
  version: 42fe2e1c20de1054d3d30f82cc9fb5b41e2e3767
  subpackages:
  - bpf
  - context
  - idna
  - internal/iana
  - internal/socket
  - ipv4
  - ipv6
- name: golang.org/x/text
  version: e19ae1496984b1c655b8044a65c0300a3c878dd3
  subpackages:
  - secure/bidirule
  - transform
  - unicode/bidi
  - unicode/norm
  - width
- name: google.golang.org/grpc
  version: 6913ad5caedced5d627918609375b057963334a5
  subpackages:
  - codes
- name: gopkg.in/mgo.v2
  version: 3f83fa5005286a7fe593b055f0d7771a7dce4655
  subpackages:
  - bson
  - internal/json
- name: gopkg.in/yaml.v2
  version: c4a9fb418357aceb801272d73efd518f183700fa
testImports: []
