hash: 08c0897201779081d5ba07788b5123a1b440e45b2c13c79d7cf5316d9978f81f
updated: 2016-10-27T23:20:21.084231874Z
imports:
- name: github.com/asaskevich/govalidator
  version: 7b3beb6df3c42abd3509abfc3bcacc0fbfb7c877
- name: github.com/eclipse/paho.mqtt.golang
  version: 13afcbe8e41508479762a90e9242577210c2ca8d
- name: github.com/go-openapi/analysis
  version: 7222828b8ce19afee3c595aef6643b9e42150120
- name: github.com/go-openapi/errors
  version: 4178436c9f2430cdd945c50301cfb61563b56573
- name: github.com/go-openapi/jsonpointer
  version: 46af16f9f7b149af66e5d1bd010e3574dc06de98
- name: github.com/go-openapi/jsonreference
  version: 13c6e3589ad90f49bd3e3bbe2c2cb3d7a4142272
- name: github.com/go-openapi/loads
  version: 9168874c33ac10e241ee7767ed9f5d209c2a5ab0
- name: github.com/go-openapi/runtime
  version: 2faaf90bf67e0616db00094f2141f99b00a9ebc2
  subpackages:
  - middleware
  - middleware/denco
  - middleware/header
  - middleware/untyped
  - security
- name: github.com/go-openapi/spec
  version: 8f2b3d0e3aa15100eea0ab61dc6fa02f00f5e713
- name: github.com/go-openapi/strfmt
  version: d65c7fdb29eca313476e529628176fe17e58c488
- name: github.com/go-openapi/swag
  version: 3b6d86cd965820f968760d5d419cb4add096bdd7
- name: github.com/go-openapi/validate
  version: 027696d4b54399770f1cdcc6c6daa56975f9e14e
- name: github.com/go-swagger/go-swagger
  version: dae55c0fc2df02e480114804b1d5b35a0e584c66
  subpackages:
  - httpkit/middleware
  - swag
- name: github.com/golang/protobuf
  version: 98fa357170587e470c5f27d3c3ea0947b71eb455
  subpackages:
  - proto
- name: github.com/gorilla/context
  version: 08b5f424b9271eedf6f9f0ce86cb9396ed337a42
- name: github.com/hashicorp/consul
  version: 2de81c22c40073a63b65d82972ba3271e081e25a
  subpackages:
  - api
  - watch
- name: github.com/hashicorp/go-cleanhttp
  version: ad28ea4487f05916463e2423a55166280e8254b5
- name: github.com/hashicorp/serf
  version: 1d4fa605f6ff3ed628d7ae5eda7c0e56803e72a5
  subpackages:
  - coordinate
- name: github.com/jessevdk/go-flags
  version: 0648c820cd4e564706597268ae2d2c7d9e6900c6
- name: github.com/mailru/easyjson
  version: 9dc3521db3580379d6cc493938ef9d2e9782ee7b
  subpackages:
  - buffer
  - jlexer
  - jwriter
- name: github.com/micro/cli
  version: 3d2263bb092286dde294a31049c92665f8373820
- name: github.com/micro/go-micro
  version: db948d0dc3062bc5dc8f96eab32af64715654815
  subpackages:
  - broker
  - broker/http
  - client
  - cmd
  - codec
  - codec/jsonrpc
  - codec/protorpc
  - errors
  - metadata
  - registry
  - registry/consul
  - registry/mdns
  - selector
  - selector/cache
  - server
  - server/debug
  - server/debug/proto
  - transport
  - transport/http
- name: github.com/micro/mdns
  version: cdf30746f9f70dc7a366d3d885792a092fd83102
- name: github.com/micro/misc
  version: 677e2a0beb40a3dd7418548fe0cdc661e2922859
  subpackages:
  - lib/tls
- name: github.com/miekg/dns
  version: 58f52c57ce9df13460ac68200cef30a008b9c468
- name: github.com/mitchellh/hashstructure
  version: b098c52ef6beab8cd82bc4a32422cf54b890e8fa
- name: github.com/pborman/uuid
  version: 3d4f2ba23642d3cfd06bd4b54cf03d99d95c0f1b
- name: github.com/PuerkitoBio/purell
  version: 8a290539e2e8629dbc4e6bad948158f790ec31f4
- name: github.com/PuerkitoBio/urlesc
  version: 5bd2802263f21d8788851d5305584c82a5c75d7e
- name: github.com/stretchr/testify
  version: 976c720a22c8eb4eb6a0b4348ad85ad12491a506
- name: github.com/tylerb/graceful
  version: 50a48b6e73fcc75b45e22c05b79629a67c79e938
- name: golang.org/x/net
  version: b336a971b799939dd16ae9b1df8334cb8b977c4d
  subpackages:
  - bpf
  - context
  - idna
  - internal/iana
  - internal/netreflect
  - ipv4
  - ipv6
- name: golang.org/x/text
  version: a8b38433e35b65ba247bb267317037dee1b70cea
  subpackages:
  - cases
  - internal
  - internal/tag
  - language
  - runes
  - secure/bidirule
  - secure/precis
  - transform
  - unicode/bidi
  - unicode/norm
  - width
- name: google.golang.org/grpc
  version: 396f8ba2a6b9039070f4ff97561f5e408828fccd
  subpackages:
  - codes
testImports: []
