hash: 08c0897201779081d5ba07788b5123a1b440e45b2c13c79d7cf5316d9978f81f
updated: 2016-10-12T17:59:30.994870274Z
imports:
- name: github.com/asaskevich/govalidator
  version: 7b3beb6df3c42abd3509abfc3bcacc0fbfb7c877
- name: github.com/eclipse/paho.mqtt.golang
  version: 13afcbe8e41508479762a90e9242577210c2ca8d
- name: github.com/go-openapi/analysis
  version: 7222828b8ce19afee3c595aef6643b9e42150120
- name: github.com/go-openapi/errors
  version: 4178436c9f2430cdd945c50301cfb61563b56573
- name: github.com/go-openapi/jsonpointer
  version: 46af16f9f7b149af66e5d1bd010e3574dc06de98
- name: github.com/go-openapi/jsonreference
  version: 13c6e3589ad90f49bd3e3bbe2c2cb3d7a4142272
- name: github.com/go-openapi/loads
  version: 18441dfa706d924a39a030ee2c3b1d8d81917b38
- name: github.com/go-openapi/runtime
  version: 3969e1fbeb2c58cc2e539bf8d35f1448d278729f
  subpackages:
  - middleware
  - middleware/denco
  - middleware/header
  - middleware/untyped
  - security
- name: github.com/go-openapi/spec
  version: 451818a42c4560481c33bf592ca7665c928f7889
- name: github.com/go-openapi/strfmt
  version: d65c7fdb29eca313476e529628176fe17e58c488
- name: github.com/go-openapi/swag
  version: c98c5a1cc708d9860aeeceea6391da6f223d479c
- name: github.com/go-openapi/validate
  version: 03d947b0268e1c2bb5c74ac4095447f140c9a112
- name: github.com/go-swagger/go-swagger
  version: 5891fa3a97f4c7b48702ad7c65d5bcec98eee371
  subpackages:
  - httpkit/middleware
  - swag
- name: github.com/golang/protobuf
  version: df1d3ca07d2d07bba352d5b73c4313b4e2a6203e
  subpackages:
  - proto
- name: github.com/gorilla/context
  version: 08b5f424b9271eedf6f9f0ce86cb9396ed337a42
- name: github.com/hashicorp/consul
  version: 6197cc802a61508f4e4529bdeb0cb8c38543b0ab
  subpackages:
  - api
  - watch
- name: github.com/hashicorp/go-cleanhttp
  version: ad28ea4487f05916463e2423a55166280e8254b5
- name: github.com/hashicorp/serf
  version: 1d4fa605f6ff3ed628d7ae5eda7c0e56803e72a5
  subpackages:
  - coordinate
- name: github.com/jessevdk/go-flags
  version: 4cc2832a6e6d1d3b815e2b9d544b2a4dfb3ce8fa
- name: github.com/mailru/easyjson
  version: 9dc3521db3580379d6cc493938ef9d2e9782ee7b
  subpackages:
  - buffer
  - jlexer
  - jwriter
- name: github.com/micro/cli
  version: 3d2263bb092286dde294a31049c92665f8373820
- name: github.com/micro/go-micro
  version: 32bf930ea1786e5145f5c370de1e2fb38eb24b0d
  subpackages:
  - broker
  - broker/http
  - client
  - cmd
  - codec
  - codec/jsonrpc
  - codec/protorpc
  - errors
  - metadata
  - registry
  - registry/consul
  - registry/mdns
  - selector
  - selector/cache
  - server
  - server/debug
  - server/debug/proto
  - transport
  - transport/http
- name: github.com/micro/mdns
  version: cdf30746f9f70dc7a366d3d885792a092fd83102
- name: github.com/micro/misc
  version: 677e2a0beb40a3dd7418548fe0cdc661e2922859
  subpackages:
  - lib/tls
- name: github.com/miekg/dns
  version: fc4e1e2843d86c346d7203160cfdbf14fa654a9b
- name: github.com/mitchellh/hashstructure
  version: b098c52ef6beab8cd82bc4a32422cf54b890e8fa
- name: github.com/pborman/uuid
  version: 3d4f2ba23642d3cfd06bd4b54cf03d99d95c0f1b
- name: github.com/PuerkitoBio/purell
  version: 8a290539e2e8629dbc4e6bad948158f790ec31f4
- name: github.com/PuerkitoBio/urlesc
  version: 5bd2802263f21d8788851d5305584c82a5c75d7e
- name: github.com/stretchr/testify
  version: 976c720a22c8eb4eb6a0b4348ad85ad12491a506
- name: github.com/tylerb/graceful
  version: 50a48b6e73fcc75b45e22c05b79629a67c79e938
- name: golang.org/x/net
  version: 6dba816f1056709e29a1c442883cab1336d3c083
  subpackages:
  - bpf
  - context
  - idna
  - internal/iana
  - internal/netreflect
  - ipv4
  - ipv6
- name: golang.org/x/text
  version: afa951a3250e0e2195be7366207189f3184d3fe1
  subpackages:
  - cases
  - internal
  - internal/tag
  - language
  - runes
  - secure/bidirule
  - secure/precis
  - transform
  - unicode/bidi
  - unicode/norm
  - width
- name: google.golang.org/grpc
  version: 9eaed1a74af580b44448989c8ed830bc210bddf4
  subpackages:
  - codes
testImports: []
